
Microsoft Visual Studio Solution File, Format Version 12.00
# Visual Studio Version 16
VisualStudioVersion = 16.0.32126.315
MinimumVisualStudioVersion = 10.0.40219.1
Project("{FAE04EC0-301F-11D3-BF4B-00C04F79EFBC}") = "GatewayDeviceMvc", "GatewayDeviceMvc.csproj", "{D2BBDA44-C73A-4923-9797-FCA69DA909D5}"
EndProject
Global
	GlobalSection(SolutionConfigurationPlatforms) = preSolution
		Debug|Any CPU = Debug|Any CPU
		Release|Any CPU = Release|Any CPU
	EndGlobalSection
	GlobalSection(ProjectConfigurationPlatforms) = postSolution
		{D2BBDA44-C73A-4923-9797-FCA69DA909D5}.Debug|Any CPU.ActiveCfg = Debug|Any CPU
		{D2BBDA44-C73A-4923-9797-FCA69DA909D5}.Debug|Any CPU.Build.0 = Debug|Any CPU
		{D2BBDA44-C73A-4923-9797-FCA69DA909D5}.Release|Any CPU.ActiveCfg = Release|Any CPU
		{D2BBDA44-C73A-4923-9797-FCA69DA909D5}.Release|Any CPU.Build.0 = Release|Any CPU
	EndGlobalSection
	GlobalSection(SolutionProperties) = preSolution
		HideSolutionNode = FALSE
	EndGlobalSection
	GlobalSection(ExtensibilityGlobals) = postSolution
		SolutionGuid = {C16DB87B-D494-43D9-ABA6-0B87C5CCBAAB}
	EndGlobalSection
EndGlobal
